
Microsoft Visual Studio Solution File, Format Version 12.00
Project("{FAE04EC0-301F-11D3-BF4B-00C04F79EFBC}") = "JsonLineTcp.Client", "JsonLineTcp.Client\JsonLineTcp.Client.csproj", "{C8FC3291-F37E-4039-9C88-4BE7ADBDA9C2}"
EndProject
Global
	GlobalSection(SolutionConfigurationPlatforms) = preSolution
		Debug|Any CPU = Debug|Any CPU
		Release|Any CPU = Release|Any CPU
	EndGlobalSection
	GlobalSection(ProjectConfigurationPlatforms) = postSolution
		{C8FC3291-F37E-4039-9C88-4BE7ADBDA9C2}.Debug|Any CPU.ActiveCfg = Debug|Any CPU
		{C8FC3291-F37E-4039-9C88-4BE7ADBDA9C2}.Debug|Any CPU.Build.0 = Debug|Any CPU
		{C8FC3291-F37E-4039-9C88-4BE7ADBDA9C2}.Release|Any CPU.ActiveCfg = Release|Any CPU
		{C8FC3291-F37E-4039-9C88-4BE7ADBDA9C2}.Release|Any CPU.Build.0 = Release|Any CPU
	EndGlobalSection
EndGlobal
